# THIS IS AN AUTOGENERATED FILE. DO NOT EDIT THIS FILE DIRECTLY.
# yarn lockfile v1


"@babel/runtime@^7.15.4":
  version "7.21.0"
  resolved "https://registry.yarnpkg.com/@babel/runtime/-/runtime-7.21.0.tgz#5b55c9d394e5fcf304909a8b00c07dc217b56673"
  dependencies:
    regenerator-runtime "^0.13.11"

asciinema-player@^3.1.1:
  version "3.1.1"
  resolved "https://registry.yarnpkg.com/asciinema-player/-/asciinema-player-3.1.1.tgz#bb1cfb5c4c1dc69605d318804050c53f090f1219"
  dependencies:
    "@babel/runtime" "^7.15.4"
    solid-js "^1.3.0"

csstype@^3.1.0:
  version "3.1.1"
  resolved "https://registry.yarnpkg.com/csstype/-/csstype-3.1.1.tgz#841b532c45c758ee546a11d5bd7b7b473c8c30b9"

regenerator-runtime@^0.13.11:
  version "0.13.11"
  resolved "https://registry.yarnpkg.com/regenerator-runtime/-/regenerator-runtime-0.13.11.tgz#f6dca3e7ceec20590d07ada785636a90cdca17f9"

reveal.js@^4.3.1:
  version "4.3.1"
  resolved "https://registry.yarnpkg.com/reveal.js/-/reveal.js-4.3.1.tgz#24a63300cff92cf5cbdd40a46f5d3699614d49ca"

solid-js@^1.3.0:
  version "1.6.11"
  resolved "https://registry.yarnpkg.com/solid-js/-/solid-js-1.6.11.tgz#263a512bf94efd89245a77f58dc18c195302237f"
  dependencies:
    csstype "^3.1.0"
