# THIS IS AN AUTOGENERATED FILE. DO NOT EDIT THIS FILE DIRECTLY.
# yarn lockfile v1


"@babel/runtime@^7.15.4":
  version "7.18.3"
  resolved "https://registry.yarnpkg.com/@babel/runtime/-/runtime-7.18.3.tgz#c7b654b57f6f63cf7f8b418ac9ca04408c4579f4"
  dependencies:
    regenerator-runtime "^0.13.4"

asciinema-player@^3.0.1:
  version "3.0.1"
  resolved "https://registry.yarnpkg.com/asciinema-player/-/asciinema-player-3.0.1.tgz#4ea9e6ee2cc5c1f956bfb562950279dcfad3e737"
  dependencies:
    "@babel/runtime" "^7.15.4"
    solid-js "^1.3.0"

regenerator-runtime@^0.13.4:
  version "0.13.9"
  resolved "https://registry.yarnpkg.com/regenerator-runtime/-/regenerator-runtime-0.13.9.tgz#8925742a98ffd90814988d7566ad30ca3b263b52"

reveal.js@^4.3.1:
  version "4.3.1"
  resolved "https://registry.yarnpkg.com/reveal.js/-/reveal.js-4.3.1.tgz#24a63300cff92cf5cbdd40a46f5d3699614d49ca"

solid-js@^1.3.0:
  version "1.4.4"
  resolved "https://registry.yarnpkg.com/solid-js/-/solid-js-1.4.4.tgz#cf14c41f118d11ec2257e60a4d23d03575c7095d"
