# THIS IS AN AUTOGENERATED FILE. DO NOT EDIT THIS FILE DIRECTLY.
# yarn lockfile v1


asciinema-player@^2.6.1:
  version "2.6.1"
  resolved "https://registry.yarnpkg.com/asciinema-player/-/asciinema-player-2.6.1.tgz#3874c3ea5bb36583ed032a7b712af74c19c2b940"

reveal.js@^3.7.0:
  version "3.7.0"
  resolved "https://registry.yarnpkg.com/reveal.js/-/reveal.js-3.7.0.tgz#7afaf72fd963000381289d58f3aa54c0c46b150c"
